{
  "name": "simple-base64",
  "version": "1.0.0",
  "lockfileVersion": 1,
  "requires": true,
  "dependencies": {
    "nodejs-utf8": {
      "version": "1.0.0",
      "resolved": "https://registry.npmjs.org/nodejs-utf8/-/nodejs-utf8-1.0.0.tgz",
      "integrity": "sha512-TQ3nKAP00a+qtxYnnv3OayhBl6ZXHc9IZkAFdhqqrnKdUx8J3m3KyAiETZHPesVj95agwaHKUeLRDRzWAVCvnQ=="
    }
  }
}
